
Microsoft Visual Studio Solution File, Format Version 12.00
# Visual Studio Version 17
VisualStudioVersion = 17.4.33122.133
MinimumVisualStudioVersion = 10.0.40219.1
Project("{FAE04EC0-301F-11D3-BF4B-00C04F79EFBC}") = "ORM-MiniApp", "ORM-MiniApp\ORM-MiniApp.csproj", "{2D2B4A39-D365-4AAF-A81A-4C0DE559D091}"
EndProject
Global
	GlobalSection(SolutionConfigurationPlatforms) = preSolution
		Debug|Any CPU = Debug|Any CPU
		Release|Any CPU = Release|Any CPU
	EndGlobalSection
	GlobalSection(ProjectConfigurationPlatforms) = postSolution
		{2D2B4A39-D365-4AAF-A81A-4C0DE559D091}.Debug|Any CPU.ActiveCfg = Debug|Any CPU
		{2D2B4A39-D365-4AAF-A81A-4C0DE559D091}.Debug|Any CPU.Build.0 = Debug|Any CPU
		{2D2B4A39-D365-4AAF-A81A-4C0DE559D091}.Release|Any CPU.ActiveCfg = Release|Any CPU
		{2D2B4A39-D365-4AAF-A81A-4C0DE559D091}.Release|Any CPU.Build.0 = Release|Any CPU
	EndGlobalSection
	GlobalSection(SolutionProperties) = preSolution
		HideSolutionNode = FALSE
	EndGlobalSection
	GlobalSection(ExtensibilityGlobals) = postSolution
		SolutionGuid = {B4249F32-0899-4AE2-A462-DD2F642E782A}
	EndGlobalSection
EndGlobal
